
Microsoft Visual Studio Solution File, Format Version 12.00
Project("{FAE04EC0-301F-11D3-BF4B-00C04F79EFBC}") = "DatabankCompletionLegacy", "DatabankCompletionLegacy.csproj", "{438B0A3A-7408-435E-8B35-3DF4F1D32551}"
EndProject
Global
	GlobalSection(SolutionConfigurationPlatforms) = preSolution
		Debug|Any CPU = Debug|Any CPU
		Release|Any CPU = Release|Any CPU
	EndGlobalSection
	GlobalSection(ProjectConfigurationPlatforms) = postSolution
		{438B0A3A-7408-435E-8B35-3DF4F1D32551}.Debug|Any CPU.ActiveCfg = Debug|Any CPU
		{438B0A3A-7408-435E-8B35-3DF4F1D32551}.Debug|Any CPU.Build.0 = Debug|Any CPU
		{438B0A3A-7408-435E-8B35-3DF4F1D32551}.Release|Any CPU.ActiveCfg = Release|Any CPU
		{438B0A3A-7408-435E-8B35-3DF4F1D32551}.Release|Any CPU.Build.0 = Release|Any CPU
	EndGlobalSection
EndGlobal
